
Microsoft Visual Studio Solution File, Format Version 12.00
# Visual Studio Version 17
VisualStudioVersion = 17.1.32228.430
MinimumVisualStudioVersion = 10.0.40219.1
Project("{FAE04EC0-301F-11D3-BF4B-00C04F79EFBC}") = "MatrixSort", "MatrixSort\MatrixSort.csproj", "{1DFAD8C9-6851-40C3-9781-B967966954D7}"
EndProject
Project("{FAE04EC0-301F-11D3-BF4B-00C04F79EFBC}") = "Practice_1", "Practice_1\Practice_1.csproj", "{DA9BED3E-8C1F-4D98-947D-2CBE2840B310}"
EndProject
Global
	GlobalSection(SolutionConfigurationPlatforms) = preSolution
		Debug|Any CPU = Debug|Any CPU
		Release|Any CPU = Release|Any CPU
	EndGlobalSection
	GlobalSection(ProjectConfigurationPlatforms) = postSolution
		{1DFAD8C9-6851-40C3-9781-B967966954D7}.Debug|Any CPU.ActiveCfg = Debug|Any CPU
		{1DFAD8C9-6851-40C3-9781-B967966954D7}.Debug|Any CPU.Build.0 = Debug|Any CPU
		{1DFAD8C9-6851-40C3-9781-B967966954D7}.Release|Any CPU.ActiveCfg = Release|Any CPU
		{1DFAD8C9-6851-40C3-9781-B967966954D7}.Release|Any CPU.Build.0 = Release|Any CPU
		{DA9BED3E-8C1F-4D98-947D-2CBE2840B310}.Debug|Any CPU.ActiveCfg = Debug|Any CPU
		{DA9BED3E-8C1F-4D98-947D-2CBE2840B310}.Debug|Any CPU.Build.0 = Debug|Any CPU
		{DA9BED3E-8C1F-4D98-947D-2CBE2840B310}.Release|Any CPU.ActiveCfg = Release|Any CPU
		{DA9BED3E-8C1F-4D98-947D-2CBE2840B310}.Release|Any CPU.Build.0 = Release|Any CPU
	EndGlobalSection
	GlobalSection(SolutionProperties) = preSolution
		HideSolutionNode = FALSE
	EndGlobalSection
	GlobalSection(ExtensibilityGlobals) = postSolution
		SolutionGuid = {8A909EA8-62FD-4C19-A512-97D5E60A6C43}
	EndGlobalSection
EndGlobal
